// !$*UTF8*$!
{
	archiveVersion = 1;
	classes = {
	};
	objectVersion = 77;
	objects = {

/* Begin PBXBuildFile section */
		000000000000000000000201 /* SmartScheduleApp.swift in Sources */ = {isa = PBXBuildFile; fileRef = 000000000000000000000101 /* SmartScheduleApp.swift */; };
		000000000000000000000202 /* RootTabView.swift in Sources */ = {isa = PBXBuildFile; fileRef = 000000000000000000000102 /* RootTabView.swift */; };
		000000000000000000000203 /* Models.swift in Sources */ = {isa = PBXBuildFile; fileRef = 000000000000000000000103 /* Models.swift */; };
		000000000000000000000204 /* Services.swift in Sources */ = {isa = PBXBuildFile; fileRef = 000000000000000000000104 /* Services.swift */; };
		000000000000000000000205 /* GlassStyles.swift in Sources */ = {isa = PBXBuildFile; fileRef = 000000000000000000000105 /* GlassStyles.swift */; };
		000000000000000000000206 /* CaptureView.swift in Sources */ = {isa = PBXBuildFile; fileRef = 000000000000000000000106 /* CaptureView.swift */; };
		000000000000000000000207 /* InboxView.swift in Sources */ = {isa = PBXBuildFile; fileRef = 000000000000000000000107 /* InboxView.swift */; };
		000000000000000000000208 /* ReviewViews.swift in Sources */ = {isa = PBXBuildFile; fileRef = 000000000000000000000108 /* ReviewViews.swift */; };
		000000000000000000000209 /* CalendarViews.swift in Sources */ = {isa = PBXBuildFile; fileRef = 000000000000000000000109 /* CalendarViews.swift */; };
		000000000000000000000210 /* SettingsView.swift in Sources */ = {isa = PBXBuildFile; fileRef = 000000000000000000000110 /* SettingsView.swift */; };
/* End PBXBuildFile section */

/* Begin PBXFileReference section */
		000000000000000000000100 /* SmartSchedule.app */ = {isa = PBXFileReference; explicitFileType = wrapper.application; includeInIndex = 0; path = SmartSchedule.app; sourceTree = BUILT_PRODUCTS_DIR; };
		000000000000000000000101 /* SmartScheduleApp.swift */ = {isa = PBXFileReference; lastKnownFileType = sourcecode.swift; path = SmartScheduleApp.swift; sourceTree = "<group>"; };
		000000000000000000000102 /* RootTabView.swift */ = {isa = PBXFileReference; lastKnownFileType = sourcecode.swift; path = RootTabView.swift; sourceTree = "<group>"; };
		000000000000000000000103 /* Models.swift */ = {isa = PBXFileReference; lastKnownFileType = sourcecode.swift; path = Models.swift; sourceTree = "<group>"; };
		000000000000000000000104 /* Services.swift */ = {isa = PBXFileReference; lastKnownFileType = sourcecode.swift; path = Services.swift; sourceTree = "<group>"; };
		000000000000000000000105 /* GlassStyles.swift */ = {isa = PBXFileReference; lastKnownFileType = sourcecode.swift; path = GlassStyles.swift; sourceTree = "<group>"; };
		000000000000000000000106 /* CaptureView.swift */ = {isa = PBXFileReference; lastKnownFileType = sourcecode.swift; path = CaptureView.swift; sourceTree = "<group>"; };
		000000000000000000000107 /* InboxView.swift */ = {isa = PBXFileReference; lastKnownFileType = sourcecode.swift; path = InboxView.swift; sourceTree = "<group>"; };
		000000000000000000000108 /* ReviewViews.swift */ = {isa = PBXFileReference; lastKnownFileType = sourcecode.swift; path = ReviewViews.swift; sourceTree = "<group>"; };
		000000000000000000000109 /* CalendarViews.swift */ = {isa = PBXFileReference; lastKnownFileType = sourcecode.swift; path = CalendarViews.swift; sourceTree = "<group>"; };
		000000000000000000000110 /* SettingsView.swift */ = {isa = PBXFileReference; lastKnownFileType = sourcecode.swift; path = SettingsView.swift; sourceTree = "<group>"; };
/* End PBXFileReference section */

/* Begin PBXFrameworksBuildPhase section */
		000000000000000000000301 /* Frameworks */ = {
			isa = PBXFrameworksBuildPhase;
			buildActionMask = 2147483647;
			files = (
			);
			runOnlyForDeploymentPostprocessing = 0;
		};
/* End PBXFrameworksBuildPhase section */

/* Begin PBXGroup section */
		000000000000000000000401 = {
			isa = PBXGroup;
			children = (
				000000000000000000000402 /* SmartSchedule */,
				000000000000000000000499 /* Products */,
			);
			sourceTree = "<group>";
		};
		000000000000000000000402 /* SmartSchedule */ = {
			isa = PBXGroup;
			children = (
				000000000000000000000403 /* App */,
				000000000000000000000404 /* Core */,
				000000000000000000000410 /* Features */,
				000000000000000000000420 /* Resources */,
			);
			path = SmartSchedule;
			sourceTree = "<group>";
		};
		000000000000000000000403 /* App */ = {
			isa = PBXGroup;
			children = (
				000000000000000000000101 /* SmartScheduleApp.swift */,
				000000000000000000000102 /* RootTabView.swift */,
			);
			path = App;
			sourceTree = "<group>";
		};
		000000000000000000000404 /* Core */ = {
			isa = PBXGroup;
			children = (
				000000000000000000000405 /* Models */,
				000000000000000000000406 /* Services */,
				000000000000000000000407 /* Utilities */,
			);
			path = Core;
			sourceTree = "<group>";
		};
		000000000000000000000405 /* Models */ = {
			isa = PBXGroup;
			children = (
				000000000000000000000103 /* Models.swift */,
			);
			path = Models;
			sourceTree = "<group>";
		};
		000000000000000000000406 /* Services */ = {
			isa = PBXGroup;
			children = (
				000000000000000000000104 /* Services.swift */,
			);
			path = Services;
			sourceTree = "<group>";
		};
		000000000000000000000407 /* Utilities */ = {
			isa = PBXGroup;
			children = (
				000000000000000000000105 /* GlassStyles.swift */,
			);
			path = Utilities;
			sourceTree = "<group>";
		};
		000000000000000000000410 /* Features */ = {
			isa = PBXGroup;
			children = (
				000000000000000000000411 /* Capture */,
				000000000000000000000412 /* Inbox */,
				000000000000000000000413 /* Review */,
				000000000000000000000414 /* Calendar */,
				000000000000000000000415 /* Settings */,
			);
			path = Features;
			sourceTree = "<group>";
		};
		000000000000000000000411 /* Capture */ = {
			isa = PBXGroup;
			children = (
				000000000000000000000106 /* CaptureView.swift */,
			);
			path = Capture;
			sourceTree = "<group>";
		};
		000000000000000000000412 /* Inbox */ = {
			isa = PBXGroup;
			children = (
				000000000000000000000107 /* InboxView.swift */,
			);
			path = Inbox;
			sourceTree = "<group>";
		};
		000000000000000000000413 /* Review */ = {
			isa = PBXGroup;
			children = (
				000000000000000000000108 /* ReviewViews.swift */,
			);
			path = Review;
			sourceTree = "<group>";
		};
		000000000000000000000414 /* Calendar */ = {
			isa = PBXGroup;
			children = (
				000000000000000000000109 /* CalendarViews.swift */,
			);
			path = Calendar;
			sourceTree = "<group>";
		};
		000000000000000000000415 /* Settings */ = {
			isa = PBXGroup;
			children = (
				000000000000000000000110 /* SettingsView.swift */,
			);
			path = Settings;
			sourceTree = "<group>";
		};
		000000000000000000000420 /* Resources */ = {
			isa = PBXGroup;
			children = (
			);
			path = Resources;
			sourceTree = "<group>";
		};
		000000000000000000000499 /* Products */ = {
			isa = PBXGroup;
			children = (
				000000000000000000000100 /* SmartSchedule.app */,
			);
			name = Products;
			sourceTree = "<group>";
		};
/* End PBXGroup section */

/* Begin PBXNativeTarget section */
		000000000000000000000002 /* SmartSchedule */ = {
			isa = PBXNativeTarget;
			buildConfigurationList = 000000000000000000000602 /* Build configuration list for PBXNativeTarget "SmartSchedule" */;
			buildPhases = (
				000000000000000000000300 /* Sources */,
				000000000000000000000301 /* Frameworks */,
				000000000000000000000302 /* Resources */,
			);
			buildRules = (
			);
			dependencies = (
			);
			name = SmartSchedule;
			productName = SmartSchedule;
			productReference = 000000000000000000000100 /* SmartSchedule.app */;
			productType = "com.apple.product-type.application";
		};
/* End PBXNativeTarget section */

/* Begin PBXProject section */
		000000000000000000000001 /* Project object */ = {
			isa = PBXProject;
			attributes = {
				BuildIndependentTargetsInParallel = 1;
				LastSwiftUpdateCheck = 2650;
				LastUpgradeCheck = 2650;
				TargetAttributes = {
					000000000000000000000002 = {
						CreatedOnToolsVersion = 26.5;
					};
				};
			};
			buildConfigurationList = 000000000000000000000601 /* Build configuration list for PBXProject "SmartSchedule" */;
			compatibilityVersion = "Xcode 16.0";
			developmentRegion = en;
			hasScannedForEncodings = 0;
			knownRegions = (
				en,
				Base,
			);
			mainGroup = 000000000000000000000401;
			minimizedProjectReferenceProxies = 1;
			preferredProjectObjectVersion = 77;
			productRefGroup = 000000000000000000000499 /* Products */;
			projectDirPath = "";
			projectRoot = "";
			targets = (
				000000000000000000000002 /* SmartSchedule */,
			);
		};
/* End PBXProject section */

/* Begin PBXResourcesBuildPhase section */
		000000000000000000000302 /* Resources */ = {
			isa = PBXResourcesBuildPhase;
			buildActionMask = 2147483647;
			files = (
			);
			runOnlyForDeploymentPostprocessing = 0;
		};
/* End PBXResourcesBuildPhase section */

/* Begin PBXSourcesBuildPhase section */
		000000000000000000000300 /* Sources */ = {
			isa = PBXSourcesBuildPhase;
			buildActionMask = 2147483647;
			files = (
				000000000000000000000201 /* SmartScheduleApp.swift in Sources */,
				000000000000000000000202 /* RootTabView.swift in Sources */,
				000000000000000000000203 /* Models.swift in Sources */,
				000000000000000000000204 /* Services.swift in Sources */,
				000000000000000000000205 /* GlassStyles.swift in Sources */,
				000000000000000000000206 /* CaptureView.swift in Sources */,
				000000000000000000000207 /* InboxView.swift in Sources */,
				000000000000000000000208 /* ReviewViews.swift in Sources */,
				000000000000000000000209 /* CalendarViews.swift in Sources */,
				000000000000000000000210 /* SettingsView.swift in Sources */,
			);
			runOnlyForDeploymentPostprocessing = 0;
		};
/* End PBXSourcesBuildPhase section */

/* Begin XCBuildConfiguration section */
		000000000000000000000501 /* Debug */ = {
			isa = XCBuildConfiguration;
			buildSettings = {
				ALWAYS_SEARCH_USER_PATHS = NO;
				CLANG_ANALYZER_NONNULL = YES;
				CLANG_ANALYZER_NUMBER_OBJECT_CONVERSION = YES_AGGRESSIVE;
				CLANG_CXX_LANGUAGE_STANDARD = "gnu++20";
				CLANG_ENABLE_MODULES = YES;
				CLANG_ENABLE_OBJC_ARC = YES;
				CLANG_ENABLE_OBJC_WEAK = YES;
				CLANG_WARN_BLOCK_CAPTURE_AUTORELEASING = YES;
				CLANG_WARN_BOOL_CONVERSION = YES;
				CLANG_WARN_COMMA = YES;
				CLANG_WARN_CONSTANT_CONVERSION = YES;
				CLANG_WARN_DEPRECATED_OBJC_IMPLEMENTATIONS = YES;
				CLANG_WARN_DIRECT_OBJC_ISA_USAGE = YES_ERROR;
				CLANG_WARN_DOCUMENTATION_COMMENTS = YES;
				CLANG_WARN_EMPTY_BODY = YES;
				CLANG_WARN_ENUM_CONVERSION = YES;
				CLANG_WARN_INFINITE_RECURSION = YES;
				CLANG_WARN_INT_CONVERSION = YES;
				CLANG_WARN_NON_LITERAL_NULL_CONVERSION = YES;
				CLANG_WARN_OBJC_IMPLICIT_RETAIN_SELF = YES;
				CLANG_WARN_OBJC_LITERAL_CONVERSION = YES;
				CLANG_WARN_OBJC_ROOT_CLASS = YES_ERROR;
				CLANG_WARN_QUOTED_INCLUDE_IN_FRAMEWORK_HEADER = YES;
				CLANG_WARN_RANGE_LOOP_ANALYSIS = YES;
				CLANG_WARN_STRICT_PROTOTYPES = YES;
				CLANG_WARN_SUSPICIOUS_MOVE = YES;
				CLANG_WARN_UNGUARDED_AVAILABILITY = YES_AGGRESSIVE;
				CLANG_WARN_UNREACHABLE_CODE = YES;
				CLANG_WARN__DUPLICATE_METHOD_MATCH = YES;
				COPY_PHASE_STRIP = NO;
				DEBUG_INFORMATION_FORMAT = dwarf;
				ENABLE_STRICT_OBJC_MSGSEND = YES;
				ENABLE_TESTABILITY = YES;
				ENABLE_USER_SCRIPT_SANDBOXING = YES;
				GCC_C_LANGUAGE_STANDARD = gnu17;
				GCC_DYNAMIC_NO_PIC = NO;
				GCC_NO_COMMON_BLOCKS = YES;
				GCC_OPTIMIZATION_LEVEL = 0;
				GCC_PREPROCESSOR_DEFINITIONS = (
					"DEBUG=1",
					"$(inherited)",
				);
				GCC_WARN_64_TO_32_BIT_CONVERSION = YES;
				GCC_WARN_ABOUT_RETURN_TYPE = YES_ERROR;
				GCC_WARN_UNDECLARED_SELECTOR = YES;
				GCC_WARN_UNINITIALIZED_AUTOS = YES_AGGRESSIVE;
				GCC_WARN_UNUSED_FUNCTION = YES;
				GCC_WARN_UNUSED_VARIABLE = YES;
				IPHONEOS_DEPLOYMENT_TARGET = 18.0;
				LOCALIZATION_PREFERS_STRING_CATALOGS = YES;
				MTL_ENABLE_DEBUG_INFO = INCLUDE_SOURCE;
				MTL_FAST_MATH = YES;
				ONLY_ACTIVE_ARCH = YES;
				SDKROOT = iphoneos;
				SWIFT_ACTIVE_COMPILATION_CONDITIONS = "DEBUG $(inherited)";
				SWIFT_OPTIMIZATION_LEVEL = "-Onone";
			};
			name = Debug;
		};
		000000000000000000000502 /* Release */ = {
			isa = XCBuildConfiguration;
			buildSettings = {
				ALWAYS_SEARCH_USER_PATHS = NO;
				CLANG_ANALYZER_NONNULL = YES;
				CLANG_ANALYZER_NUMBER_OBJECT_CONVERSION = YES_AGGRESSIVE;
				CLANG_CXX_LANGUAGE_STANDARD = "gnu++20";
				CLANG_ENABLE_MODULES = YES;
				CLANG_ENABLE_OBJC_ARC = YES;
				CLANG_ENABLE_OBJC_WEAK = YES;
				CLANG_WARN_BLOCK_CAPTURE_AUTORELEASING = YES;
				CLANG_WARN_BOOL_CONVERSION = YES;
				CLANG_WARN_COMMA = YES;
				CLANG_WARN_CONSTANT_CONVERSION = YES;
				CLANG_WARN_DEPRECATED_OBJC_IMPLEMENTATIONS = YES;
				CLANG_WARN_DIRECT_OBJC_ISA_USAGE = YES_ERROR;
				CLANG_WARN_DOCUMENTATION_COMMENTS = YES;
				CLANG_WARN_EMPTY_BODY = YES;
				CLANG_WARN_ENUM_CONVERSION = YES;
				CLANG_WARN_INFINITE_RECURSION = YES;
				CLANG_WARN_INT_CONVERSION = YES;
				CLANG_WARN_NON_LITERAL_NULL_CONVERSION = YES;
				CLANG_WARN_OBJC_IMPLICIT_RETAIN_SELF = YES;
				CLANG_WARN_OBJC_LITERAL_CONVERSION = YES;
				CLANG_WARN_OBJC_ROOT_CLASS = YES_ERROR;
				CLANG_WARN_QUOTED_INCLUDE_IN_FRAMEWORK_HEADER = YES;
				CLANG_WARN_RANGE_LOOP_ANALYSIS = YES;
				CLANG_WARN_STRICT_PROTOTYPES = YES;
				CLANG_WARN_SUSPICIOUS_MOVE = YES;
				CLANG_WARN_UNGUARDED_AVAILABILITY = YES_AGGRESSIVE;
				CLANG_WARN_UNREACHABLE_CODE = YES;
				CLANG_WARN__DUPLICATE_METHOD_MATCH = YES;
				COPY_PHASE_STRIP = NO;
				DEBUG_INFORMATION_FORMAT = "dwarf-with-dsym";
				ENABLE_NS_ASSERTIONS = NO;
				ENABLE_STRICT_OBJC_MSGSEND = YES;
				ENABLE_USER_SCRIPT_SANDBOXING = YES;
				GCC_C_LANGUAGE_STANDARD = gnu17;
				GCC_NO_COMMON_BLOCKS = YES;
				GCC_WARN_64_TO_32_BIT_CONVERSION = YES;
				GCC_WARN_ABOUT_RETURN_TYPE = YES_ERROR;
				GCC_WARN_UNDECLARED_SELECTOR = YES;
				GCC_WARN_UNINITIALIZED_AUTOS = YES_AGGRESSIVE;
				GCC_WARN_UNUSED_FUNCTION = YES;
				GCC_WARN_UNUSED_VARIABLE = YES;
				IPHONEOS_DEPLOYMENT_TARGET = 18.0;
				LOCALIZATION_PREFERS_STRING_CATALOGS = YES;
				MTL_ENABLE_DEBUG_INFO = NO;
				MTL_FAST_MATH = YES;
				SDKROOT = iphoneos;
				SWIFT_COMPILATION_MODE = wholemodule;
				VALIDATE_PRODUCT = YES;
			};
			name = Release;
		};
		000000000000000000000503 /* Debug */ = {
			isa = XCBuildConfiguration;
			buildSettings = {
				CODE_SIGN_STYLE = Automatic;
				CURRENT_PROJECT_VERSION = 1;
				DEVELOPMENT_ASSET_PATHS = "";
				ENABLE_PREVIEWS = YES;
				GENERATE_INFOPLIST_FILE = YES;
				INFOPLIST_KEY_CFBundleDisplayName = SmartSchedule;
				INFOPLIST_KEY_LSApplicationCategoryType = "public.app-category.productivity";
				INFOPLIST_KEY_NSMicrophoneUsageDescription = "用于后续在 App 内录音并提取日程。";
				INFOPLIST_KEY_NSPhotoLibraryUsageDescription = "用于选择截图或照片并识别其中的日程信息。";
				INFOPLIST_KEY_NSSpeechRecognitionUsageDescription = "用于后续把导入或录制的音频转写为文本。";
				INFOPLIST_KEY_UIRequiresFullScreen = YES;
				IPHONEOS_DEPLOYMENT_TARGET = 18.0;
				MARKETING_VERSION = 0.1.0;
				PRODUCT_BUNDLE_IDENTIFIER = "local.smartschedule.beta";
				PRODUCT_NAME = "$(TARGET_NAME)";
				SUPPORTED_PLATFORMS = "iphoneos iphonesimulator";
				SUPPORTS_MACCATALYST = NO;
				SWIFT_EMIT_LOC_STRINGS = YES;
				SWIFT_STRICT_CONCURRENCY = complete;
				SWIFT_VERSION = 6.0;
				TARGETED_DEVICE_FAMILY = "1,2";
			};
			name = Debug;
		};
		000000000000000000000504 /* Release */ = {
			isa = XCBuildConfiguration;
			buildSettings = {
				CODE_SIGN_STYLE = Automatic;
				CURRENT_PROJECT_VERSION = 1;
				DEVELOPMENT_ASSET_PATHS = "";
				ENABLE_PREVIEWS = YES;
				GENERATE_INFOPLIST_FILE = YES;
				INFOPLIST_KEY_CFBundleDisplayName = SmartSchedule;
				INFOPLIST_KEY_LSApplicationCategoryType = "public.app-category.productivity";
				INFOPLIST_KEY_NSMicrophoneUsageDescription = "用于后续在 App 内录音并提取日程。";
				INFOPLIST_KEY_NSPhotoLibraryUsageDescription = "用于选择截图或照片并识别其中的日程信息。";
				INFOPLIST_KEY_NSSpeechRecognitionUsageDescription = "用于后续把导入或录制的音频转写为文本。";
				INFOPLIST_KEY_UIRequiresFullScreen = YES;
				IPHONEOS_DEPLOYMENT_TARGET = 18.0;
				MARKETING_VERSION = 0.1.0;
				PRODUCT_BUNDLE_IDENTIFIER = "local.smartschedule.beta";
				PRODUCT_NAME = "$(TARGET_NAME)";
				SUPPORTED_PLATFORMS = "iphoneos iphonesimulator";
				SUPPORTS_MACCATALYST = NO;
				SWIFT_EMIT_LOC_STRINGS = YES;
				SWIFT_STRICT_CONCURRENCY = complete;
				SWIFT_VERSION = 6.0;
				TARGETED_DEVICE_FAMILY = "1,2";
			};
			name = Release;
		};
/* End XCBuildConfiguration section */

/* Begin XCConfigurationList section */
		000000000000000000000601 /* Build configuration list for PBXProject "SmartSchedule" */ = {
			isa = XCConfigurationList;
			buildConfigurations = (
				000000000000000000000501 /* Debug */,
				000000000000000000000502 /* Release */,
			);
			defaultConfigurationIsVisible = 0;
			defaultConfigurationName = Release;
		};
		000000000000000000000602 /* Build configuration list for PBXNativeTarget "SmartSchedule" */ = {
			isa = XCConfigurationList;
			buildConfigurations = (
				000000000000000000000503 /* Debug */,
				000000000000000000000504 /* Release */,
			);
			defaultConfigurationIsVisible = 0;
			defaultConfigurationName = Release;
		};
/* End XCConfigurationList section */
	};
	rootObject = 000000000000000000000001 /* Project object */;
}
